
Microsoft Visual Studio Solution File, Format Version 12.00
# Visual Studio Version 16
VisualStudioVersion = 16.0.29911.84
MinimumVisualStudioVersion = 10.0.40219.1
Project("{FAE04EC0-301F-11D3-BF4B-00C04F79EFBC}") = "EntityFramework", "EntityFramework\EntityFramework.csproj", "{DFE744BF-82C1-46A5-B3F2-CEAEC0A69E8C}"
EndProject
Global
	GlobalSection(SolutionConfigurationPlatforms) = preSolution
		Debug|Any CPU = Debug|Any CPU
		Release|Any CPU = Release|Any CPU
	EndGlobalSection
	GlobalSection(ProjectConfigurationPlatforms) = postSolution
		{DFE744BF-82C1-46A5-B3F2-CEAEC0A69E8C}.Debug|Any CPU.ActiveCfg = Debug|Any CPU
		{DFE744BF-82C1-46A5-B3F2-CEAEC0A69E8C}.Debug|Any CPU.Build.0 = Debug|Any CPU
		{DFE744BF-82C1-46A5-B3F2-CEAEC0A69E8C}.Release|Any CPU.ActiveCfg = Release|Any CPU
		{DFE744BF-82C1-46A5-B3F2-CEAEC0A69E8C}.Release|Any CPU.Build.0 = Release|Any CPU
	EndGlobalSection
	GlobalSection(SolutionProperties) = preSolution
		HideSolutionNode = FALSE
	EndGlobalSection
	GlobalSection(ExtensibilityGlobals) = postSolution
		SolutionGuid = {52A6A13B-DACA-4A9C-8CAD-BBA81AF4E22C}
	EndGlobalSection
EndGlobal
